{
  "name": "Frontend",
  "lockfileVersion": 3,
  "requires": true,
  "packages": {
    "": {
      "dependencies": {
        "@tanstack/query-core": "^5.101.1"
      }
    },
    "node_modules/@tanstack/query-core": {
      "version": "5.101.1",
      "resolved": "https://registry.npmjs.org/@tanstack/query-core/-/query-core-5.101.1.tgz",
      "integrity": "sha512-Y6Y92dkXtNqx67m2pMSxUsA3zOCwv862JexZRP8/EPwvKXMPu9m8rv43spiXWzOUIggQ3SQApttALStzhA8B4g==",
      "license": "MIT",
      "funding": {
        "type": "github",
        "url": "https://github.com/sponsors/tannerlinsley"
      }
    }
  }
}
